
Microsoft Visual Studio Solution File, Format Version 12.00
# Visual Studio Version 17
VisualStudioVersion = 17.5.002.0
MinimumVisualStudioVersion = 10.0.40219.1
Project("{9A19103F-16F7-4668-BE54-9A1E7A4F7556}") = "DotNetVSC", "DotNetVSC.csproj", "{6A427864-B277-4F56-94CA-EA308D8CCDB7}"
EndProject
Global
	GlobalSection(SolutionConfigurationPlatforms) = preSolution
		Debug|Any CPU = Debug|Any CPU
		Release|Any CPU = Release|Any CPU
	EndGlobalSection
	GlobalSection(ProjectConfigurationPlatforms) = postSolution
		{6A427864-B277-4F56-94CA-EA308D8CCDB7}.Debug|Any CPU.ActiveCfg = Debug|Any CPU
		{6A427864-B277-4F56-94CA-EA308D8CCDB7}.Debug|Any CPU.Build.0 = Debug|Any CPU
		{6A427864-B277-4F56-94CA-EA308D8CCDB7}.Release|Any CPU.ActiveCfg = Release|Any CPU
		{6A427864-B277-4F56-94CA-EA308D8CCDB7}.Release|Any CPU.Build.0 = Release|Any CPU
	EndGlobalSection
	GlobalSection(SolutionProperties) = preSolution
		HideSolutionNode = FALSE
	EndGlobalSection
	GlobalSection(ExtensibilityGlobals) = postSolution
		SolutionGuid = {F928ED59-7DD5-469F-A991-DE6C17224902}
	EndGlobalSection
EndGlobal
